
Microsoft Visual Studio Solution File, Format Version 12.00
# Visual Studio Version 17
VisualStudioVersion = 17.5.002.0
MinimumVisualStudioVersion = 10.0.40219.1
Project("{9A19103F-16F7-4668-BE54-9A1E7A4F7556}") = "JODDB", "JODDB\JODDB.csproj", "{F113267A-C4E8-47E0-AA2B-3FC4D7451959}"
EndProject
Global
	GlobalSection(SolutionConfigurationPlatforms) = preSolution
		Debug|Any CPU = Debug|Any CPU
		Release|Any CPU = Release|Any CPU
	EndGlobalSection
	GlobalSection(ProjectConfigurationPlatforms) = postSolution
		{F113267A-C4E8-47E0-AA2B-3FC4D7451959}.Debug|Any CPU.ActiveCfg = Debug|Any CPU
		{F113267A-C4E8-47E0-AA2B-3FC4D7451959}.Debug|Any CPU.Build.0 = Debug|Any CPU
		{F113267A-C4E8-47E0-AA2B-3FC4D7451959}.Release|Any CPU.ActiveCfg = Release|Any CPU
		{F113267A-C4E8-47E0-AA2B-3FC4D7451959}.Release|Any CPU.Build.0 = Release|Any CPU
	EndGlobalSection
	GlobalSection(SolutionProperties) = preSolution
		HideSolutionNode = FALSE
	EndGlobalSection
	GlobalSection(ExtensibilityGlobals) = postSolution
		SolutionGuid = {5F52E255-3FA8-4A8C-BF01-8DF67A413846}
	EndGlobalSection
EndGlobal
